
Microsoft Visual Studio Solution File, Format Version 12.00
# Visual Studio 14
VisualStudioVersion = 14.0.23107.0
MinimumVisualStudioVersion = 10.0.40219.1
Project("{FAE04EC0-301F-11D3-BF4B-00C04F79EFBC}") = "EdlinSoftware.Combinatorics", "EdlinSoftware.Combinatorics\EdlinSoftware.Combinatorics.csproj", "{6961BF11-3DC3-4DBB-BB3D-553CDFB99F4D}"
EndProject
Project("{FAE04EC0-301F-11D3-BF4B-00C04F79EFBC}") = "EdlinSoftware.Combinatorics.Tests", "EdlinSoftware.Combinatorics.Tests\EdlinSoftware.Combinatorics.Tests.csproj", "{97B88972-4F0B-4853-9B06-5E3F51854498}"
EndProject
Global
	GlobalSection(SolutionConfigurationPlatforms) = preSolution
		Debug|Any CPU = Debug|Any CPU
		Release|Any CPU = Release|Any CPU
	EndGlobalSection
	GlobalSection(ProjectConfigurationPlatforms) = postSolution
		{6961BF11-3DC3-4DBB-BB3D-553CDFB99F4D}.Debug|Any CPU.ActiveCfg = Debug|Any CPU
		{6961BF11-3DC3-4DBB-BB3D-553CDFB99F4D}.Debug|Any CPU.Build.0 = Debug|Any CPU
		{6961BF11-3DC3-4DBB-BB3D-553CDFB99F4D}.Release|Any CPU.ActiveCfg = Release|Any CPU
		{6961BF11-3DC3-4DBB-BB3D-553CDFB99F4D}.Release|Any CPU.Build.0 = Release|Any CPU
		{97B88972-4F0B-4853-9B06-5E3F51854498}.Debug|Any CPU.ActiveCfg = Debug|Any CPU
		{97B88972-4F0B-4853-9B06-5E3F51854498}.Debug|Any CPU.Build.0 = Debug|Any CPU
		{97B88972-4F0B-4853-9B06-5E3F51854498}.Release|Any CPU.ActiveCfg = Release|Any CPU
		{97B88972-4F0B-4853-9B06-5E3F51854498}.Release|Any CPU.Build.0 = Release|Any CPU
	EndGlobalSection
	GlobalSection(SolutionProperties) = preSolution
		HideSolutionNode = FALSE
	EndGlobalSection
EndGlobal
